
Microsoft Visual Studio Solution File, Format Version 12.00
# Visual Studio Version 17
VisualStudioVersion = 17.7.34202.233
MinimumVisualStudioVersion = 10.0.40219.1
Project("{FAE04EC0-301F-11D3-BF4B-00C04F79EFBC}") = "Assignment", "Assignment\Assignment.csproj", "{AE802BE6-D7CD-40C7-AD4C-044DE32D3ACD}"
EndProject
Global
	GlobalSection(SolutionConfigurationPlatforms) = preSolution
		Debug|Any CPU = Debug|Any CPU
		Release|Any CPU = Release|Any CPU
	EndGlobalSection
	GlobalSection(ProjectConfigurationPlatforms) = postSolution
		{AE802BE6-D7CD-40C7-AD4C-044DE32D3ACD}.Debug|Any CPU.ActiveCfg = Debug|Any CPU
		{AE802BE6-D7CD-40C7-AD4C-044DE32D3ACD}.Debug|Any CPU.Build.0 = Debug|Any CPU
		{AE802BE6-D7CD-40C7-AD4C-044DE32D3ACD}.Release|Any CPU.ActiveCfg = Release|Any CPU
		{AE802BE6-D7CD-40C7-AD4C-044DE32D3ACD}.Release|Any CPU.Build.0 = Release|Any CPU
	EndGlobalSection
	GlobalSection(SolutionProperties) = preSolution
		HideSolutionNode = FALSE
	EndGlobalSection
	GlobalSection(ExtensibilityGlobals) = postSolution
		SolutionGuid = {0B1314E4-04B7-46FC-944B-02D4F9138B01}
	EndGlobalSection
EndGlobal
